// !$*UTF8*$!
{
	archiveVersion = 1;
	classes = {
	};
	objectVersion = 50;
	objects = {

/* Begin PBXBuildFile section */
		02A4253B220D058500FD295D /* AppDelegate.swift in Sources */ = {isa = PBXBuildFile; fileRef = 02A4253A220D058500FD295D /* AppDelegate.swift */; };
		02A4253D220D058500FD295D /* ViewController.swift in Sources */ = {isa = PBXBuildFile; fileRef = 02A4253C220D058500FD295D /* ViewController.swift */; };
		02A42540220D058500FD295D /* Main.storyboard in Resources */ = {isa = PBXBuildFile; fileRef = 02A4253E220D058500FD295D /* Main.storyboard */; };
		02A42542220D058700FD295D /* Assets.xcassets in Resources */ = {isa = PBXBuildFile; fileRef = 02A42541220D058700FD295D /* Assets.xcassets */; };
		02A42545220D058700FD295D /* LaunchScreen.storyboard in Resources */ = {isa = PBXBuildFile; fileRef = 02A42543220D058700FD295D /* LaunchScreen.storyboard */; };
		64DCDD49FD0B06301957F1E5 /* Pods_LLALogManagerDemoiOS.framework in Frameworks */ = {isa = PBXBuildFile; fileRef = 2025775C080FBAD54CDD5C4A /* Pods_LLALogManagerDemoiOS.framework */; };
/* End PBXBuildFile section */

/* Begin PBXFileReference section */
		02A42537220D058500FD295D /* LLALogManagerDemoiOS.app */ = {isa = PBXFileReference; explicitFileType = wrapper.application; includeInIndex = 0; path = LLALogManagerDemoiOS.app; sourceTree = BUILT_PRODUCTS_DIR; };
		02A4253A220D058500FD295D /* AppDelegate.swift */ = {isa = PBXFileReference; lastKnownFileType = sourcecode.swift; path = AppDelegate.swift; sourceTree = "<group>"; };
		02A4253C220D058500FD295D /* ViewController.swift */ = {isa = PBXFileReference; lastKnownFileType = sourcecode.swift; path = ViewController.swift; sourceTree = "<group>"; };
		02A4253F220D058500FD295D /* Base */ = {isa = PBXFileReference; lastKnownFileType = file.storyboard; name = Base; path = Base.lproj/Main.storyboard; sourceTree = "<group>"; };
		02A42541220D058700FD295D /* Assets.xcassets */ = {isa = PBXFileReference; lastKnownFileType = folder.assetcatalog; path = Assets.xcassets; sourceTree = "<group>"; };
		02A42544220D058700FD295D /* Base */ = {isa = PBXFileReference; lastKnownFileType = file.storyboard; name = Base; path = Base.lproj/LaunchScreen.storyboard; sourceTree = "<group>"; };
		02A42546220D058700FD295D /* Info.plist */ = {isa = PBXFileReference; lastKnownFileType = text.plist.xml; path = Info.plist; sourceTree = "<group>"; };
		2025775C080FBAD54CDD5C4A /* Pods_LLALogManagerDemoiOS.framework */ = {isa = PBXFileReference; explicitFileType = wrapper.framework; includeInIndex = 0; path = Pods_LLALogManagerDemoiOS.framework; sourceTree = BUILT_PRODUCTS_DIR; };
		359FDE3F63B6BCB68C63FE10 /* Pods-LLALogManagerDemoiOS.release.xcconfig */ = {isa = PBXFileReference; includeInIndex = 1; lastKnownFileType = text.xcconfig; name = "Pods-LLALogManagerDemoiOS.release.xcconfig"; path = "Target Support Files/Pods-LLALogManagerDemoiOS/Pods-LLALogManagerDemoiOS.release.xcconfig"; sourceTree = "<group>"; };
		8D250B599642FAB351B98902 /* Pods-LLALogManagerDemoiOS.debug.xcconfig */ = {isa = PBXFileReference; includeInIndex = 1; lastKnownFileType = text.xcconfig; name = "Pods-LLALogManagerDemoiOS.debug.xcconfig"; path = "Target Support Files/Pods-LLALogManagerDemoiOS/Pods-LLALogManagerDemoiOS.debug.xcconfig"; sourceTree = "<group>"; };
/* End PBXFileReference section */

/* Begin PBXFrameworksBuildPhase section */
		02A42534220D058500FD295D /* Frameworks */ = {
			isa = PBXFrameworksBuildPhase;
			buildActionMask = 2147483647;
			files = (
				64DCDD49FD0B06301957F1E5 /* Pods_LLALogManagerDemoiOS.framework in Frameworks */,
			);
			runOnlyForDeploymentPostprocessing = 0;
		};
/* End PBXFrameworksBuildPhase section */

/* Begin PBXGroup section */
		02A4252E220D058500FD295D = {
			isa = PBXGroup;
			children = (
				02A42539220D058500FD295D /* LLALogManagerDemoiOS */,
				02A42538220D058500FD295D /* Products */,
				857D56BC99533803EC323E25 /* Pods */,
				7A17DA07C1BE56309BC8326E /* Frameworks */,
			);
			sourceTree = "<group>";
		};
		02A42538220D058500FD295D /* Products */ = {
			isa = PBXGroup;
			children = (
				02A42537220D058500FD295D /* LLALogManagerDemoiOS.app */,
			);
			name = Products;
			sourceTree = "<group>";
		};
		02A42539220D058500FD295D /* LLALogManagerDemoiOS */ = {
			isa = PBXGroup;
			children = (
				02A4253A220D058500FD295D /* AppDelegate.swift */,
				02A4253C220D058500FD295D /* ViewController.swift */,
				02A4253E220D058500FD295D /* Main.storyboard */,
				02A42541220D058700FD295D /* Assets.xcassets */,
				02A42543220D058700FD295D /* LaunchScreen.storyboard */,
				02A42546220D058700FD295D /* Info.plist */,
			);
			path = LLALogManagerDemoiOS;
			sourceTree = "<group>";
		};
		7A17DA07C1BE56309BC8326E /* Frameworks */ = {
			isa = PBXGroup;
			children = (
				2025775C080FBAD54CDD5C4A /* Pods_LLALogManagerDemoiOS.framework */,
			);
			name = Frameworks;
			sourceTree = "<group>";
		};
		857D56BC99533803EC323E25 /* Pods */ = {
			isa = PBXGroup;
			children = (
				8D250B599642FAB351B98902 /* Pods-LLALogManagerDemoiOS.debug.xcconfig */,
				359FDE3F63B6BCB68C63FE10 /* Pods-LLALogManagerDemoiOS.release.xcconfig */,
			);
			path = Pods;
			sourceTree = "<group>";
		};
/* End PBXGroup section */

/* Begin PBXNativeTarget section */
		02A42536220D058500FD295D /* LLALogManagerDemoiOS */ = {
			isa = PBXNativeTarget;
			buildConfigurationList = 02A42549220D058700FD295D /* Build configuration list for PBXNativeTarget "LLALogManagerDemoiOS" */;
			buildPhases = (
				69A97ECCC8DF6EF21D64A4CD /* [CP] Check Pods Manifest.lock */,
				02A42533220D058500FD295D /* Sources */,
				02A42534220D058500FD295D /* Frameworks */,
				02A42535220D058500FD295D /* Resources */,
				5B3783DC6C82A1A2243E4583 /* [CP] Embed Pods Frameworks */,
			);
			buildRules = (
			);
			dependencies = (
			);
			name = LLALogManagerDemoiOS;
			productName = LLALogManagerDemoiOS;
			productReference = 02A42537220D058500FD295D /* LLALogManagerDemoiOS.app */;
			productType = "com.apple.product-type.application";
		};
/* End PBXNativeTarget section */

/* Begin PBXProject section */
		02A4252F220D058500FD295D /* Project object */ = {
			isa = PBXProject;
			attributes = {
				LastSwiftUpdateCheck = 1010;
				LastUpgradeCheck = 1010;
				ORGANIZATIONNAME = LLALogManagerDemoiOS;
				TargetAttributes = {
					02A42536220D058500FD295D = {
						CreatedOnToolsVersion = 10.1;
					};
				};
			};
			buildConfigurationList = 02A42532220D058500FD295D /* Build configuration list for PBXProject "LLALogManagerDemoiOS" */;
			compatibilityVersion = "Xcode 9.3";
			developmentRegion = en;
			hasScannedForEncodings = 0;
			knownRegions = (
				en,
				Base,
			);
			mainGroup = 02A4252E220D058500FD295D;
			productRefGroup = 02A42538220D058500FD295D /* Products */;
			projectDirPath = "";
			projectRoot = "";
			targets = (
				02A42536220D058500FD295D /* LLALogManagerDemoiOS */,
			);
		};
/* End PBXProject section */

/* Begin PBXResourcesBuildPhase section */
		02A42535220D058500FD295D /* Resources */ = {
			isa = PBXResourcesBuildPhase;
			buildActionMask = 2147483647;
			files = (
				02A42545220D058700FD295D /* LaunchScreen.storyboard in Resources */,
				02A42542220D058700FD295D /* Assets.xcassets in Resources */,
				02A42540220D058500FD295D /* Main.storyboard in Resources */,
			);
			runOnlyForDeploymentPostprocessing = 0;
		};
/* End PBXResourcesBuildPhase section */

/* Begin PBXShellScriptBuildPhase section */
		5B3783DC6C82A1A2243E4583 /* [CP] Embed Pods Frameworks */ = {
			isa = PBXShellScriptBuildPhase;
			buildActionMask = 2147483647;
			files = (
			);
			inputFileListPaths = (
			);
			inputPaths = (
				"${PODS_ROOT}/Target Support Files/Pods-LLALogManagerDemoiOS/Pods-LLALogManagerDemoiOS-frameworks.sh",
				"${BUILT_PRODUCTS_DIR}/LLALogManager/LLALogManager.framework",
			);
			name = "[CP] Embed Pods Frameworks";
			outputFileListPaths = (
			);
			outputPaths = (
				"${TARGET_BUILD_DIR}/${FRAMEWORKS_FOLDER_PATH}/LLALogManager.framework",
			);
			runOnlyForDeploymentPostprocessing = 0;
			shellPath = /bin/sh;
			shellScript = "\"${PODS_ROOT}/Target Support Files/Pods-LLALogManagerDemoiOS/Pods-LLALogManagerDemoiOS-frameworks.sh\"\n";
			showEnvVarsInLog = 0;
		};
		69A97ECCC8DF6EF21D64A4CD /* [CP] Check Pods Manifest.lock */ = {
			isa = PBXShellScriptBuildPhase;
			buildActionMask = 2147483647;
			files = (
			);
			inputFileListPaths = (
			);
			inputPaths = (
				"${PODS_PODFILE_DIR_PATH}/Podfile.lock",
				"${PODS_ROOT}/Manifest.lock",
			);
			name = "[CP] Check Pods Manifest.lock";
			outputFileListPaths = (
			);
			outputPaths = (
				"$(DERIVED_FILE_DIR)/Pods-LLALogManagerDemoiOS-checkManifestLockResult.txt",
			);
			runOnlyForDeploymentPostprocessing = 0;
			shellPath = /bin/sh;
			shellScript = "diff \"${PODS_PODFILE_DIR_PATH}/Podfile.lock\" \"${PODS_ROOT}/Manifest.lock\" > /dev/null\nif [ $? != 0 ] ; then\n    # print error to STDERR\n    echo \"error: The sandbox is not in sync with the Podfile.lock. Run 'pod install' or update your CocoaPods installation.\" >&2\n    exit 1\nfi\n# This output is used by Xcode 'outputs' to avoid re-running this script phase.\necho \"SUCCESS\" > \"${SCRIPT_OUTPUT_FILE_0}\"\n";
			showEnvVarsInLog = 0;
		};
/* End PBXShellScriptBuildPhase section */

/* Begin PBXSourcesBuildPhase section */
		02A42533220D058500FD295D /* Sources */ = {
			isa = PBXSourcesBuildPhase;
			buildActionMask = 2147483647;
			files = (
				02A4253D220D058500FD295D /* ViewController.swift in Sources */,
				02A4253B220D058500FD295D /* AppDelegate.swift in Sources */,
			);
			runOnlyForDeploymentPostprocessing = 0;
		};
/* End PBXSourcesBuildPhase section */

/* Begin PBXVariantGroup section */
		02A4253E220D058500FD295D /* Main.storyboard */ = {
			isa = PBXVariantGroup;
			children = (
				02A4253F220D058500FD295D /* Base */,
			);
			name = Main.storyboard;
			sourceTree = "<group>";
		};
		02A42543220D058700FD295D /* LaunchScreen.storyboard */ = {
			isa = PBXVariantGroup;
			children = (
				02A42544220D058700FD295D /* Base */,
			);
			name = LaunchScreen.storyboard;
			sourceTree = "<group>";
		};
/* End PBXVariantGroup section */

/* Begin XCBuildConfiguration section */
		02A42547220D058700FD295D /* Debug */ = {
			isa = XCBuildConfiguration;
			buildSettings = {
				ALWAYS_SEARCH_USER_PATHS = NO;
				CLANG_ANALYZER_NONNULL = YES;
				CLANG_ANALYZER_NUMBER_OBJECT_CONVERSION = YES_AGGRESSIVE;
				CLANG_CXX_LANGUAGE_STANDARD = "gnu++14";
				CLANG_CXX_LIBRARY = "libc++";
				CLANG_ENABLE_MODULES = YES;
				CLANG_ENABLE_OBJC_ARC = YES;
				CLANG_ENABLE_OBJC_WEAK = YES;
				CLANG_WARN_BLOCK_CAPTURE_AUTORELEASING = YES;
				CLANG_WARN_BOOL_CONVERSION = YES;
				CLANG_WARN_COMMA = YES;
				CLANG_WARN_CONSTANT_CONVERSION = YES;
				CLANG_WARN_DEPRECATED_OBJC_IMPLEMENTATIONS = YES;
				CLANG_WARN_DIRECT_OBJC_ISA_USAGE = YES_ERROR;
				CLANG_WARN_DOCUMENTATION_COMMENTS = YES;
				CLANG_WARN_EMPTY_BODY = YES;
				CLANG_WARN_ENUM_CONVERSION = YES;
				CLANG_WARN_INFINITE_RECURSION = YES;
				CLANG_WARN_INT_CONVERSION = YES;
				CLANG_WARN_NON_LITERAL_NULL_CONVERSION = YES;
				CLANG_WARN_OBJC_IMPLICIT_RETAIN_SELF = YES;
				CLANG_WARN_OBJC_LITERAL_CONVERSION = YES;
				CLANG_WARN_OBJC_ROOT_CLASS = YES_ERROR;
				CLANG_WARN_RANGE_LOOP_ANALYSIS = YES;
				CLANG_WARN_STRICT_PROTOTYPES = YES;
				CLANG_WARN_SUSPICIOUS_MOVE = YES;
				CLANG_WARN_UNGUARDED_AVAILABILITY = YES_AGGRESSIVE;
				CLANG_WARN_UNREACHABLE_CODE = YES;
				CLANG_WARN__DUPLICATE_METHOD_MATCH = YES;
				CODE_SIGN_IDENTITY = "iPhone Developer";
				COPY_PHASE_STRIP = NO;
				DEBUG_INFORMATION_FORMAT = dwarf;
				ENABLE_STRICT_OBJC_MSGSEND = YES;
				ENABLE_TESTABILITY = YES;
				GCC_C_LANGUAGE_STANDARD = gnu11;
				GCC_DYNAMIC_NO_PIC = NO;
				GCC_NO_COMMON_BLOCKS = YES;
				GCC_OPTIMIZATION_LEVEL = 0;
				GCC_PREPROCESSOR_DEFINITIONS = (
					"DEBUG=1",
					"$(inherited)",
				);
				GCC_WARN_64_TO_32_BIT_CONVERSION = YES;
				GCC_WARN_ABOUT_RETURN_TYPE = YES_ERROR;
				GCC_WARN_UNDECLARED_SELECTOR = YES;
				GCC_WARN_UNINITIALIZED_AUTOS = YES_AGGRESSIVE;
				GCC_WARN_UNUSED_FUNCTION = YES;
				GCC_WARN_UNUSED_VARIABLE = YES;
				IPHONEOS_DEPLOYMENT_TARGET = 10.0;
				MTL_ENABLE_DEBUG_INFO = INCLUDE_SOURCE;
				MTL_FAST_MATH = YES;
				ONLY_ACTIVE_ARCH = YES;
				SDKROOT = iphoneos;
				SWIFT_ACTIVE_COMPILATION_CONDITIONS = DEBUG;
				SWIFT_OPTIMIZATION_LEVEL = "-Onone";
			};
			name = Debug;
		};
		02A42548220D058700FD295D /* Release */ = {
			isa = XCBuildConfiguration;
			buildSettings = {
				ALWAYS_SEARCH_USER_PATHS = NO;
				CLANG_ANALYZER_NONNULL = YES;
				CLANG_ANALYZER_NUMBER_OBJECT_CONVERSION = YES_AGGRESSIVE;
				CLANG_CXX_LANGUAGE_STANDARD = "gnu++14";
				CLANG_CXX_LIBRARY = "libc++";
				CLANG_ENABLE_MODULES = YES;
				CLANG_ENABLE_OBJC_ARC = YES;
				CLANG_ENABLE_OBJC_WEAK = YES;
				CLANG_WARN_BLOCK_CAPTURE_AUTORELEASING = YES;
				CLANG_WARN_BOOL_CONVERSION = YES;
				CLANG_WARN_COMMA = YES;
				CLANG_WARN_CONSTANT_CONVERSION = YES;
				CLANG_WARN_DEPRECATED_OBJC_IMPLEMENTATIONS = YES;
				CLANG_WARN_DIRECT_OBJC_ISA_USAGE = YES_ERROR;
				CLANG_WARN_DOCUMENTATION_COMMENTS = YES;
				CLANG_WARN_EMPTY_BODY = YES;
				CLANG_WARN_ENUM_CONVERSION = YES;
				CLANG_WARN_INFINITE_RECURSION = YES;
				CLANG_WARN_INT_CONVERSION = YES;
				CLANG_WARN_NON_LITERAL_NULL_CONVERSION = YES;
				CLANG_WARN_OBJC_IMPLICIT_RETAIN_SELF = YES;
				CLANG_WARN_OBJC_LITERAL_CONVERSION = YES;
				CLANG_WARN_OBJC_ROOT_CLASS = YES_ERROR;
				CLANG_WARN_RANGE_LOOP_ANALYSIS = YES;
				CLANG_WARN_STRICT_PROTOTYPES = YES;
				CLANG_WARN_SUSPICIOUS_MOVE = YES;
				CLANG_WARN_UNGUARDED_AVAILABILITY = YES_AGGRESSIVE;
				CLANG_WARN_UNREACHABLE_CODE = YES;
				CLANG_WARN__DUPLICATE_METHOD_MATCH = YES;
				CODE_SIGN_IDENTITY = "iPhone Developer";
				COPY_PHASE_STRIP = NO;
				DEBUG_INFORMATION_FORMAT = "dwarf-with-dsym";
				ENABLE_NS_ASSERTIONS = NO;
				ENABLE_STRICT_OBJC_MSGSEND = YES;
				GCC_C_LANGUAGE_STANDARD = gnu11;
				GCC_NO_COMMON_BLOCKS = YES;
				GCC_WARN_64_TO_32_BIT_CONVERSION = YES;
				GCC_WARN_ABOUT_RETURN_TYPE = YES_ERROR;
				GCC_WARN_UNDECLARED_SELECTOR = YES;
				GCC_WARN_UNINITIALIZED_AUTOS = YES_AGGRESSIVE;
				GCC_WARN_UNUSED_FUNCTION = YES;
				GCC_WARN_UNUSED_VARIABLE = YES;
				IPHONEOS_DEPLOYMENT_TARGET = 10.0;
				MTL_ENABLE_DEBUG_INFO = NO;
				MTL_FAST_MATH = YES;
				SDKROOT = iphoneos;
				SWIFT_COMPILATION_MODE = wholemodule;
				SWIFT_OPTIMIZATION_LEVEL = "-O";
				VALIDATE_PRODUCT = YES;
			};
			name = Release;
		};
		02A4254A220D058700FD295D /* Debug */ = {
			isa = XCBuildConfiguration;
			baseConfigurationReference = 8D250B599642FAB351B98902 /* Pods-LLALogManagerDemoiOS.debug.xcconfig */;
			buildSettings = {
				ASSETCATALOG_COMPILER_APPICON_NAME = AppIcon;
				CODE_SIGN_STYLE = Automatic;
				INFOPLIST_FILE = LLALogManagerDemoiOS/Info.plist;
				LD_RUNPATH_SEARCH_PATHS = (
					"$(inherited)",
					"@executable_path/Frameworks",
				);
				PRODUCT_BUNDLE_IDENTIFIER = com.LLALogManagerDemoiOS.LLALogManagerDemoiOS;
				PRODUCT_NAME = "$(TARGET_NAME)";
				SWIFT_VERSION = 5.0;
				TARGETED_DEVICE_FAMILY = "1,2";
			};
			name = Debug;
		};
		02A4254B220D058700FD295D /* Release */ = {
			isa = XCBuildConfiguration;
			baseConfigurationReference = 359FDE3F63B6BCB68C63FE10 /* Pods-LLALogManagerDemoiOS.release.xcconfig */;
			buildSettings = {
				ASSETCATALOG_COMPILER_APPICON_NAME = AppIcon;
				CODE_SIGN_STYLE = Automatic;
				INFOPLIST_FILE = LLALogManagerDemoiOS/Info.plist;
				LD_RUNPATH_SEARCH_PATHS = (
					"$(inherited)",
					"@executable_path/Frameworks",
				);
				PRODUCT_BUNDLE_IDENTIFIER = com.LLALogManagerDemoiOS.LLALogManagerDemoiOS;
				PRODUCT_NAME = "$(TARGET_NAME)";
				SWIFT_VERSION = 5.0;
				TARGETED_DEVICE_FAMILY = "1,2";
			};
			name = Release;
		};
/* End XCBuildConfiguration section */

/* Begin XCConfigurationList section */
		02A42532220D058500FD295D /* Build configuration list for PBXProject "LLALogManagerDemoiOS" */ = {
			isa = XCConfigurationList;
			buildConfigurations = (
				02A42547220D058700FD295D /* Debug */,
				02A42548220D058700FD295D /* Release */,
			);
			defaultConfigurationIsVisible = 0;
			defaultConfigurationName = Release;
		};
		02A42549220D058700FD295D /* Build configuration list for PBXNativeTarget "LLALogManagerDemoiOS" */ = {
			isa = XCConfigurationList;
			buildConfigurations = (
				02A4254A220D058700FD295D /* Debug */,
				02A4254B220D058700FD295D /* Release */,
			);
			defaultConfigurationIsVisible = 0;
			defaultConfigurationName = Release;
		};
/* End XCConfigurationList section */
	};
	rootObject = 02A4252F220D058500FD295D /* Project object */;
}
